// !$*UTF8*$!
{
	archiveVersion = 1;
	classes = {
	};
	objectVersion = 56;
	objects = {

/* Begin PBXBuildFile section */
		2029C9CB2BCA1A12000D51ED /* SplashVC.swift in Sources */ = {isa = PBXBuildFile; fileRef = 2029C9CA2BCA1A12000D51ED /* SplashVC.swift */; };
		208248952BB7B37F00B281FD /* RidePage.swift in Sources */ = {isa = PBXBuildFile; fileRef = 208248942BB7B37F00B281FD /* RidePage.swift */; };
		208248972BB7B3B300B281FD /* AccountVC.swift in Sources */ = {isa = PBXBuildFile; fileRef = 208248962BB7B3B300B281FD /* AccountVC.swift */; };
		20B24D572B87E82C003BB793 /* AppDelegate.swift in Sources */ = {isa = PBXBuildFile; fileRef = 20B24D562B87E82C003BB793 /* AppDelegate.swift */; };
		20B24D592B87E82C003BB793 /* SceneDelegate.swift in Sources */ = {isa = PBXBuildFile; fileRef = 20B24D582B87E82C003BB793 /* SceneDelegate.swift */; };
		20B24D5B2B87E82C003BB793 /* ViewController.swift in Sources */ = {isa = PBXBuildFile; fileRef = 20B24D5A2B87E82C003BB793 /* ViewController.swift */; };
		20B24D5E2B87E82C003BB793 /* Main.storyboard in Resources */ = {isa = PBXBuildFile; fileRef = 20B24D5C2B87E82C003BB793 /* Main.storyboard */; };
		20B24D602B87E82D003BB793 /* Assets.xcassets in Resources */ = {isa = PBXBuildFile; fileRef = 20B24D5F2B87E82D003BB793 /* Assets.xcassets */; };
		20B24D632B87E82D003BB793 /* LaunchScreen.storyboard in Resources */ = {isa = PBXBuildFile; fileRef = 20B24D612B87E82D003BB793 /* LaunchScreen.storyboard */; };
		20B24D6E2B87E82D003BB793 /* Car_PoolingTests.swift in Sources */ = {isa = PBXBuildFile; fileRef = 20B24D6D2B87E82D003BB793 /* Car_PoolingTests.swift */; };
		20B24D782B87E82D003BB793 /* Car_PoolingUITests.swift in Sources */ = {isa = PBXBuildFile; fileRef = 20B24D772B87E82D003BB793 /* Car_PoolingUITests.swift */; };
		20B24D7A2B87E82D003BB793 /* Car_PoolingUITestsLaunchTests.swift in Sources */ = {isa = PBXBuildFile; fileRef = 20B24D792B87E82D003BB793 /* Car_PoolingUITestsLaunchTests.swift */; };
		D341F3C32BB6A31000DA1E67 /* LoginPageVC.swift in Sources */ = {isa = PBXBuildFile; fileRef = D341F3C22BB6A31000DA1E67 /* LoginPageVC.swift */; };
		D341F3C52BB6A36700DA1E67 /* SignupPageVC.swift in Sources */ = {isa = PBXBuildFile; fileRef = D341F3C42BB6A36700DA1E67 /* SignupPageVC.swift */; };
		D39AEC2C2BC7FB8F001E5879 /* GiveRideVC.swift in Sources */ = {isa = PBXBuildFile; fileRef = D39AEC2B2BC7FB8F001E5879 /* GiveRideVC.swift */; };
		D39AEC2E2BC7FBB4001E5879 /* BookRideVC.swift in Sources */ = {isa = PBXBuildFile; fileRef = D39AEC2D2BC7FBB4001E5879 /* BookRideVC.swift */; };
		DAA3FF142BCA26A000A5EC6F /* Login SignupVC.swift in Sources */ = {isa = PBXBuildFile; fileRef = DAA3FF132BCA26A000A5EC6F /* Login SignupVC.swift */; };
		DAC429222BB7B8CF0097020B /* RideBookingPageVC.swift in Sources */ = {isa = PBXBuildFile; fileRef = DAC429212BB7B8CF0097020B /* RideBookingPageVC.swift */; };
/* End PBXBuildFile section */

/* Begin PBXContainerItemProxy section */
		20B24D6A2B87E82D003BB793 /* PBXContainerItemProxy */ = {
			isa = PBXContainerItemProxy;
			containerPortal = 20B24D4B2B87E82C003BB793 /* Project object */;
			proxyType = 1;
			remoteGlobalIDString = 20B24D522B87E82C003BB793;
			remoteInfo = "Car Pooling";
		};
		20B24D742B87E82D003BB793 /* PBXContainerItemProxy */ = {
			isa = PBXContainerItemProxy;
			containerPortal = 20B24D4B2B87E82C003BB793 /* Project object */;
			proxyType = 1;
			remoteGlobalIDString = 20B24D522B87E82C003BB793;
			remoteInfo = "Car Pooling";
		};
/* End PBXContainerItemProxy section */

/* Begin PBXFileReference section */
		2029C9CA2BCA1A12000D51ED /* SplashVC.swift */ = {isa = PBXFileReference; lastKnownFileType = sourcecode.swift; path = SplashVC.swift; sourceTree = "<group>"; };
		208248942BB7B37F00B281FD /* RidePage.swift */ = {isa = PBXFileReference; lastKnownFileType = sourcecode.swift; path = RidePage.swift; sourceTree = "<group>"; };
		208248962BB7B3B300B281FD /* AccountVC.swift */ = {isa = PBXFileReference; lastKnownFileType = sourcecode.swift; path = AccountVC.swift; sourceTree = "<group>"; };
		20B24D532B87E82C003BB793 /* Car Pooling.app */ = {isa = PBXFileReference; explicitFileType = wrapper.application; includeInIndex = 0; path = "Car Pooling.app"; sourceTree = BUILT_PRODUCTS_DIR; };
		20B24D562B87E82C003BB793 /* AppDelegate.swift */ = {isa = PBXFileReference; lastKnownFileType = sourcecode.swift; path = AppDelegate.swift; sourceTree = "<group>"; };
		20B24D582B87E82C003BB793 /* SceneDelegate.swift */ = {isa = PBXFileReference; lastKnownFileType = sourcecode.swift; path = SceneDelegate.swift; sourceTree = "<group>"; };
		20B24D5A2B87E82C003BB793 /* ViewController.swift */ = {isa = PBXFileReference; lastKnownFileType = sourcecode.swift; path = ViewController.swift; sourceTree = "<group>"; };
		20B24D5D2B87E82C003BB793 /* Base */ = {isa = PBXFileReference; lastKnownFileType = file.storyboard; name = Base; path = Base.lproj/Main.storyboard; sourceTree = "<group>"; };
		20B24D5F2B87E82D003BB793 /* Assets.xcassets */ = {isa = PBXFileReference; lastKnownFileType = folder.assetcatalog; path = Assets.xcassets; sourceTree = "<group>"; };
		20B24D622B87E82D003BB793 /* Base */ = {isa = PBXFileReference; lastKnownFileType = file.storyboard; name = Base; path = Base.lproj/LaunchScreen.storyboard; sourceTree = "<group>"; };
		20B24D642B87E82D003BB793 /* Info.plist */ = {isa = PBXFileReference; lastKnownFileType = text.plist.xml; path = Info.plist; sourceTree = "<group>"; };
		20B24D692B87E82D003BB793 /* Car PoolingTests.xctest */ = {isa = PBXFileReference; explicitFileType = wrapper.cfbundle; includeInIndex = 0; path = "Car PoolingTests.xctest"; sourceTree = BUILT_PRODUCTS_DIR; };
		20B24D6D2B87E82D003BB793 /* Car_PoolingTests.swift */ = {isa = PBXFileReference; lastKnownFileType = sourcecode.swift; path = Car_PoolingTests.swift; sourceTree = "<group>"; };
		20B24D732B87E82D003BB793 /* Car PoolingUITests.xctest */ = {isa = PBXFileReference; explicitFileType = wrapper.cfbundle; includeInIndex = 0; path = "Car PoolingUITests.xctest"; sourceTree = BUILT_PRODUCTS_DIR; };
		20B24D772B87E82D003BB793 /* Car_PoolingUITests.swift */ = {isa = PBXFileReference; lastKnownFileType = sourcecode.swift; path = Car_PoolingUITests.swift; sourceTree = "<group>"; };
		20B24D792B87E82D003BB793 /* Car_PoolingUITestsLaunchTests.swift */ = {isa = PBXFileReference; lastKnownFileType = sourcecode.swift; path = Car_PoolingUITestsLaunchTests.swift; sourceTree = "<group>"; };
		D341F3C22BB6A31000DA1E67 /* LoginPageVC.swift */ = {isa = PBXFileReference; lastKnownFileType = sourcecode.swift; name = LoginPageVC.swift; path = ../../LoginPageVC.swift; sourceTree = "<group>"; };
		D341F3C42BB6A36700DA1E67 /* SignupPageVC.swift */ = {isa = PBXFileReference; lastKnownFileType = sourcecode.swift; path = SignupPageVC.swift; sourceTree = "<group>"; };
		D39AEC2B2BC7FB8F001E5879 /* GiveRideVC.swift */ = {isa = PBXFileReference; lastKnownFileType = sourcecode.swift; name = GiveRideVC.swift; path = ../../GiveRideVC.swift; sourceTree = "<group>"; };
		D39AEC2D2BC7FBB4001E5879 /* BookRideVC.swift */ = {isa = PBXFileReference; lastKnownFileType = sourcecode.swift; name = BookRideVC.swift; path = ../../BookRideVC.swift; sourceTree = "<group>"; };
		DAA3FF132BCA26A000A5EC6F /* Login SignupVC.swift */ = {isa = PBXFileReference; lastKnownFileType = sourcecode.swift; path = "Login SignupVC.swift"; sourceTree = "<group>"; };
		DAC429212BB7B8CF0097020B /* RideBookingPageVC.swift */ = {isa = PBXFileReference; lastKnownFileType = sourcecode.swift; path = RideBookingPageVC.swift; sourceTree = "<group>"; };
/* End PBXFileReference section */

/* Begin PBXFrameworksBuildPhase section */
		20B24D502B87E82C003BB793 /* Frameworks */ = {
			isa = PBXFrameworksBuildPhase;
			buildActionMask = 2147483647;
			files = (
			);
			runOnlyForDeploymentPostprocessing = 0;
		};
		20B24D662B87E82D003BB793 /* Frameworks */ = {
			isa = PBXFrameworksBuildPhase;
			buildActionMask = 2147483647;
			files = (
			);
			runOnlyForDeploymentPostprocessing = 0;
		};
		20B24D702B87E82D003BB793 /* Frameworks */ = {
			isa = PBXFrameworksBuildPhase;
			buildActionMask = 2147483647;
			files = (
			);
			runOnlyForDeploymentPostprocessing = 0;
		};
/* End PBXFrameworksBuildPhase section */

/* Begin PBXGroup section */
		20B24D4A2B87E82C003BB793 = {
			isa = PBXGroup;
			children = (
				20B24D552B87E82C003BB793 /* Car Pooling */,
				20B24D6C2B87E82D003BB793 /* Car PoolingTests */,
				20B24D762B87E82D003BB793 /* Car PoolingUITests */,
				20B24D542B87E82C003BB793 /* Products */,
			);
			sourceTree = "<group>";
		};
		20B24D542B87E82C003BB793 /* Products */ = {
			isa = PBXGroup;
			children = (
				20B24D532B87E82C003BB793 /* Car Pooling.app */,
				20B24D692B87E82D003BB793 /* Car PoolingTests.xctest */,
				20B24D732B87E82D003BB793 /* Car PoolingUITests.xctest */,
			);
			name = Products;
			sourceTree = "<group>";
		};
		20B24D552B87E82C003BB793 /* Car Pooling */ = {
			isa = PBXGroup;
			children = (
				20B24D562B87E82C003BB793 /* AppDelegate.swift */,
				20B24D582B87E82C003BB793 /* SceneDelegate.swift */,
				20B24D5A2B87E82C003BB793 /* ViewController.swift */,
				20B24D5C2B87E82C003BB793 /* Main.storyboard */,
				DAA3FF132BCA26A000A5EC6F /* Login SignupVC.swift */,
				2029C9CA2BCA1A12000D51ED /* SplashVC.swift */,
				D39AEC2B2BC7FB8F001E5879 /* GiveRideVC.swift */,
				D39AEC2D2BC7FBB4001E5879 /* BookRideVC.swift */,
				DAC429212BB7B8CF0097020B /* RideBookingPageVC.swift */,
				208248962BB7B3B300B281FD /* AccountVC.swift */,
				208248942BB7B37F00B281FD /* RidePage.swift */,
				D341F3C22BB6A31000DA1E67 /* LoginPageVC.swift */,
				D341F3C42BB6A36700DA1E67 /* SignupPageVC.swift */,
				20B24D5F2B87E82D003BB793 /* Assets.xcassets */,
				20B24D612B87E82D003BB793 /* LaunchScreen.storyboard */,
				20B24D642B87E82D003BB793 /* Info.plist */,
			);
			path = "Car Pooling";
			sourceTree = "<group>";
		};
		20B24D6C2B87E82D003BB793 /* Car PoolingTests */ = {
			isa = PBXGroup;
			children = (
				20B24D6D2B87E82D003BB793 /* Car_PoolingTests.swift */,
			);
			path = "Car PoolingTests";
			sourceTree = "<group>";
		};
		20B24D762B87E82D003BB793 /* Car PoolingUITests */ = {
			isa = PBXGroup;
			children = (
				20B24D772B87E82D003BB793 /* Car_PoolingUITests.swift */,
				20B24D792B87E82D003BB793 /* Car_PoolingUITestsLaunchTests.swift */,
			);
			path = "Car PoolingUITests";
			sourceTree = "<group>";
		};
/* End PBXGroup section */

/* Begin PBXNativeTarget section */
		20B24D522B87E82C003BB793 /* Car Pooling */ = {
			isa = PBXNativeTarget;
			buildConfigurationList = 20B24D7D2B87E82D003BB793 /* Build configuration list for PBXNativeTarget "Car Pooling" */;
			buildPhases = (
				20B24D4F2B87E82C003BB793 /* Sources */,
				20B24D502B87E82C003BB793 /* Frameworks */,
				20B24D512B87E82C003BB793 /* Resources */,
			);
			buildRules = (
			);
			dependencies = (
			);
			name = "Car Pooling";
			productName = "Car Pooling";
			productReference = 20B24D532B87E82C003BB793 /* Car Pooling.app */;
			productType = "com.apple.product-type.application";
		};
		20B24D682B87E82D003BB793 /* Car PoolingTests */ = {
			isa = PBXNativeTarget;
			buildConfigurationList = 20B24D802B87E82D003BB793 /* Build configuration list for PBXNativeTarget "Car PoolingTests" */;
			buildPhases = (
				20B24D652B87E82D003BB793 /* Sources */,
				20B24D662B87E82D003BB793 /* Frameworks */,
				20B24D672B87E82D003BB793 /* Resources */,
			);
			buildRules = (
			);
			dependencies = (
				20B24D6B2B87E82D003BB793 /* PBXTargetDependency */,
			);
			name = "Car PoolingTests";
			productName = "Car PoolingTests";
			productReference = 20B24D692B87E82D003BB793 /* Car PoolingTests.xctest */;
			productType = "com.apple.product-type.bundle.unit-test";
		};
		20B24D722B87E82D003BB793 /* Car PoolingUITests */ = {
			isa = PBXNativeTarget;
			buildConfigurationList = 20B24D832B87E82D003BB793 /* Build configuration list for PBXNativeTarget "Car PoolingUITests" */;
			buildPhases = (
				20B24D6F2B87E82D003BB793 /* Sources */,
				20B24D702B87E82D003BB793 /* Frameworks */,
				20B24D712B87E82D003BB793 /* Resources */,
			);
			buildRules = (
			);
			dependencies = (
				20B24D752B87E82D003BB793 /* PBXTargetDependency */,
			);
			name = "Car PoolingUITests";
			productName = "Car PoolingUITests";
			productReference = 20B24D732B87E82D003BB793 /* Car PoolingUITests.xctest */;
			productType = "com.apple.product-type.bundle.ui-testing";
		};
/* End PBXNativeTarget section */

/* Begin PBXProject section */
		20B24D4B2B87E82C003BB793 /* Project object */ = {
			isa = PBXProject;
			attributes = {
				BuildIndependentTargetsInParallel = 1;
				LastSwiftUpdateCheck = 1520;
				LastUpgradeCheck = 1520;
				TargetAttributes = {
					20B24D522B87E82C003BB793 = {
						CreatedOnToolsVersion = 15.2;
					};
					20B24D682B87E82D003BB793 = {
						CreatedOnToolsVersion = 15.2;
						TestTargetID = 20B24D522B87E82C003BB793;
					};
					20B24D722B87E82D003BB793 = {
						CreatedOnToolsVersion = 15.2;
						TestTargetID = 20B24D522B87E82C003BB793;
					};
				};
			};
			buildConfigurationList = 20B24D4E2B87E82C003BB793 /* Build configuration list for PBXProject "Car Pooling" */;
			compatibilityVersion = "Xcode 14.0";
			developmentRegion = en;
			hasScannedForEncodings = 0;
			knownRegions = (
				en,
				Base,
			);
			mainGroup = 20B24D4A2B87E82C003BB793;
			packageReferences = (
				D3A180732BC906D900CDAD4E /* XCRemoteSwiftPackageReference "lottie-ios" */,
			);
			productRefGroup = 20B24D542B87E82C003BB793 /* Products */;
			projectDirPath = "";
			projectRoot = "";
			targets = (
				20B24D522B87E82C003BB793 /* Car Pooling */,
				20B24D682B87E82D003BB793 /* Car PoolingTests */,
				20B24D722B87E82D003BB793 /* Car PoolingUITests */,
			);
		};
/* End PBXProject section */

/* Begin PBXResourcesBuildPhase section */
		20B24D512B87E82C003BB793 /* Resources */ = {
			isa = PBXResourcesBuildPhase;
			buildActionMask = 2147483647;
			files = (
				20B24D632B87E82D003BB793 /* LaunchScreen.storyboard in Resources */,
				20B24D602B87E82D003BB793 /* Assets.xcassets in Resources */,
				20B24D5E2B87E82C003BB793 /* Main.storyboard in Resources */,
			);
			runOnlyForDeploymentPostprocessing = 0;
		};
		20B24D672B87E82D003BB793 /* Resources */ = {
			isa = PBXResourcesBuildPhase;
			buildActionMask = 2147483647;
			files = (
			);
			runOnlyForDeploymentPostprocessing = 0;
		};
		20B24D712B87E82D003BB793 /* Resources */ = {
			isa = PBXResourcesBuildPhase;
			buildActionMask = 2147483647;
			files = (
			);
			runOnlyForDeploymentPostprocessing = 0;
		};
/* End PBXResourcesBuildPhase section */

/* Begin PBXSourcesBuildPhase section */
		20B24D4F2B87E82C003BB793 /* Sources */ = {
			isa = PBXSourcesBuildPhase;
			buildActionMask = 2147483647;
			files = (
				D341F3C52BB6A36700DA1E67 /* SignupPageVC.swift in Sources */,
				20B24D5B2B87E82C003BB793 /* ViewController.swift in Sources */,
				20B24D572B87E82C003BB793 /* AppDelegate.swift in Sources */,
				208248972BB7B3B300B281FD /* AccountVC.swift in Sources */,
				20B24D592B87E82C003BB793 /* SceneDelegate.swift in Sources */,
				2029C9CB2BCA1A12000D51ED /* SplashVC.swift in Sources */,
				D39AEC2C2BC7FB8F001E5879 /* GiveRideVC.swift in Sources */,
				DAA3FF142BCA26A000A5EC6F /* Login SignupVC.swift in Sources */,
				DAC429222BB7B8CF0097020B /* RideBookingPageVC.swift in Sources */,
				D39AEC2E2BC7FBB4001E5879 /* BookRideVC.swift in Sources */,
				208248952BB7B37F00B281FD /* RidePage.swift in Sources */,
				D341F3C32BB6A31000DA1E67 /* LoginPageVC.swift in Sources */,
			);
			runOnlyForDeploymentPostprocessing = 0;
		};
		20B24D652B87E82D003BB793 /* Sources */ = {
			isa = PBXSourcesBuildPhase;
			buildActionMask = 2147483647;
			files = (
				20B24D6E2B87E82D003BB793 /* Car_PoolingTests.swift in Sources */,
			);
			runOnlyForDeploymentPostprocessing = 0;
		};
		20B24D6F2B87E82D003BB793 /* Sources */ = {
			isa = PBXSourcesBuildPhase;
			buildActionMask = 2147483647;
			files = (
				20B24D7A2B87E82D003BB793 /* Car_PoolingUITestsLaunchTests.swift in Sources */,
				20B24D782B87E82D003BB793 /* Car_PoolingUITests.swift in Sources */,
			);
			runOnlyForDeploymentPostprocessing = 0;
		};
/* End PBXSourcesBuildPhase section */

/* Begin PBXTargetDependency section */
		20B24D6B2B87E82D003BB793 /* PBXTargetDependency */ = {
			isa = PBXTargetDependency;
			target = 20B24D522B87E82C003BB793 /* Car Pooling */;
			targetProxy = 20B24D6A2B87E82D003BB793 /* PBXContainerItemProxy */;
		};
		20B24D752B87E82D003BB793 /* PBXTargetDependency */ = {
			isa = PBXTargetDependency;
			target = 20B24D522B87E82C003BB793 /* Car Pooling */;
			targetProxy = 20B24D742B87E82D003BB793 /* PBXContainerItemProxy */;
		};
/* End PBXTargetDependency section */

/* Begin PBXVariantGroup section */
		20B24D5C2B87E82C003BB793 /* Main.storyboard */ = {
			isa = PBXVariantGroup;
			children = (
				20B24D5D2B87E82C003BB793 /* Base */,
			);
			name = Main.storyboard;
			sourceTree = "<group>";
		};
		20B24D612B87E82D003BB793 /* LaunchScreen.storyboard */ = {
			isa = PBXVariantGroup;
			children = (
				20B24D622B87E82D003BB793 /* Base */,
			);
			name = LaunchScreen.storyboard;
			sourceTree = "<group>";
		};
/* End PBXVariantGroup section */

/* Begin XCBuildConfiguration section */
		20B24D7B2B87E82D003BB793 /* Debug */ = {
			isa = XCBuildConfiguration;
			buildSettings = {
				ALWAYS_SEARCH_USER_PATHS = NO;
				ASSETCATALOG_COMPILER_GENERATE_SWIFT_ASSET_SYMBOL_EXTENSIONS = YES;
				CLANG_ANALYZER_NONNULL = YES;
				CLANG_ANALYZER_NUMBER_OBJECT_CONVERSION = YES_AGGRESSIVE;
				CLANG_CXX_LANGUAGE_STANDARD = "gnu++20";
				CLANG_ENABLE_MODULES = YES;
				CLANG_ENABLE_OBJC_ARC = YES;
				CLANG_ENABLE_OBJC_WEAK = YES;
				CLANG_WARN_BLOCK_CAPTURE_AUTORELEASING = YES;
				CLANG_WARN_BOOL_CONVERSION = YES;
				CLANG_WARN_COMMA = YES;
				CLANG_WARN_CONSTANT_CONVERSION = YES;
				CLANG_WARN_DEPRECATED_OBJC_IMPLEMENTATIONS = YES;
				CLANG_WARN_DIRECT_OBJC_ISA_USAGE = YES_ERROR;
				CLANG_WARN_DOCUMENTATION_COMMENTS = YES;
				CLANG_WARN_EMPTY_BODY = YES;
				CLANG_WARN_ENUM_CONVERSION = YES;
				CLANG_WARN_INFINITE_RECURSION = YES;
				CLANG_WARN_INT_CONVERSION = YES;
				CLANG_WARN_NON_LITERAL_NULL_CONVERSION = YES;
				CLANG_WARN_OBJC_IMPLICIT_RETAIN_SELF = YES;
				CLANG_WARN_OBJC_LITERAL_CONVERSION = YES;
				CLANG_WARN_OBJC_ROOT_CLASS = YES_ERROR;
				CLANG_WARN_QUOTED_INCLUDE_IN_FRAMEWORK_HEADER = YES;
				CLANG_WARN_RANGE_LOOP_ANALYSIS = YES;
				CLANG_WARN_STRICT_PROTOTYPES = YES;
				CLANG_WARN_SUSPICIOUS_MOVE = YES;
				CLANG_WARN_UNGUARDED_AVAILABILITY = YES_AGGRESSIVE;
				CLANG_WARN_UNREACHABLE_CODE = YES;
				CLANG_WARN__DUPLICATE_METHOD_MATCH = YES;
				COPY_PHASE_STRIP = NO;
				DEBUG_INFORMATION_FORMAT = dwarf;
				ENABLE_STRICT_OBJC_MSGSEND = YES;
				ENABLE_TESTABILITY = YES;
				ENABLE_USER_SCRIPT_SANDBOXING = YES;
				GCC_C_LANGUAGE_STANDARD = gnu17;
				GCC_DYNAMIC_NO_PIC = NO;
				GCC_NO_COMMON_BLOCKS = YES;
				GCC_OPTIMIZATION_LEVEL = 0;
				GCC_PREPROCESSOR_DEFINITIONS = (
					"DEBUG=1",
					"$(inherited)",
				);
				GCC_WARN_64_TO_32_BIT_CONVERSION = YES;
				GCC_WARN_ABOUT_RETURN_TYPE = YES_ERROR;
				GCC_WARN_UNDECLARED_SELECTOR = YES;
				GCC_WARN_UNINITIALIZED_AUTOS = YES_AGGRESSIVE;
				GCC_WARN_UNUSED_FUNCTION = YES;
				GCC_WARN_UNUSED_VARIABLE = YES;
				IPHONEOS_DEPLOYMENT_TARGET = 17.2;
				LOCALIZATION_PREFERS_STRING_CATALOGS = YES;
				MTL_ENABLE_DEBUG_INFO = INCLUDE_SOURCE;
				MTL_FAST_MATH = YES;
				ONLY_ACTIVE_ARCH = YES;
				SDKROOT = iphoneos;
				SWIFT_ACTIVE_COMPILATION_CONDITIONS = "DEBUG $(inherited)";
				SWIFT_OPTIMIZATION_LEVEL = "-Onone";
			};
			name = Debug;
		};
		20B24D7C2B87E82D003BB793 /* Release */ = {
			isa = XCBuildConfiguration;
			buildSettings = {
				ALWAYS_SEARCH_USER_PATHS = NO;
				ASSETCATALOG_COMPILER_GENERATE_SWIFT_ASSET_SYMBOL_EXTENSIONS = YES;
				CLANG_ANALYZER_NONNULL = YES;
				CLANG_ANALYZER_NUMBER_OBJECT_CONVERSION = YES_AGGRESSIVE;
				CLANG_CXX_LANGUAGE_STANDARD = "gnu++20";
				CLANG_ENABLE_MODULES = YES;
				CLANG_ENABLE_OBJC_ARC = YES;
				CLANG_ENABLE_OBJC_WEAK = YES;
				CLANG_WARN_BLOCK_CAPTURE_AUTORELEASING = YES;
				CLANG_WARN_BOOL_CONVERSION = YES;
				CLANG_WARN_COMMA = YES;
				CLANG_WARN_CONSTANT_CONVERSION = YES;
				CLANG_WARN_DEPRECATED_OBJC_IMPLEMENTATIONS = YES;
				CLANG_WARN_DIRECT_OBJC_ISA_USAGE = YES_ERROR;
				CLANG_WARN_DOCUMENTATION_COMMENTS = YES;
				CLANG_WARN_EMPTY_BODY = YES;
				CLANG_WARN_ENUM_CONVERSION = YES;
				CLANG_WARN_INFINITE_RECURSION = YES;
				CLANG_WARN_INT_CONVERSION = YES;
				CLANG_WARN_NON_LITERAL_NULL_CONVERSION = YES;
				CLANG_WARN_OBJC_IMPLICIT_RETAIN_SELF = YES;
				CLANG_WARN_OBJC_LITERAL_CONVERSION = YES;
				CLANG_WARN_OBJC_ROOT_CLASS = YES_ERROR;
				CLANG_WARN_QUOTED_INCLUDE_IN_FRAMEWORK_HEADER = YES;
				CLANG_WARN_RANGE_LOOP_ANALYSIS = YES;
				CLANG_WARN_STRICT_PROTOTYPES = YES;
				CLANG_WARN_SUSPICIOUS_MOVE = YES;
				CLANG_WARN_UNGUARDED_AVAILABILITY = YES_AGGRESSIVE;
				CLANG_WARN_UNREACHABLE_CODE = YES;
				CLANG_WARN__DUPLICATE_METHOD_MATCH = YES;
				COPY_PHASE_STRIP = NO;
				DEBUG_INFORMATION_FORMAT = "dwarf-with-dsym";
				ENABLE_NS_ASSERTIONS = NO;
				ENABLE_STRICT_OBJC_MSGSEND = YES;
				ENABLE_USER_SCRIPT_SANDBOXING = YES;
				GCC_C_LANGUAGE_STANDARD = gnu17;
				GCC_NO_COMMON_BLOCKS = YES;
				GCC_WARN_64_TO_32_BIT_CONVERSION = YES;
				GCC_WARN_ABOUT_RETURN_TYPE = YES_ERROR;
				GCC_WARN_UNDECLARED_SELECTOR = YES;
				GCC_WARN_UNINITIALIZED_AUTOS = YES_AGGRESSIVE;
				GCC_WARN_UNUSED_FUNCTION = YES;
				GCC_WARN_UNUSED_VARIABLE = YES;
				IPHONEOS_DEPLOYMENT_TARGET = 17.2;
				LOCALIZATION_PREFERS_STRING_CATALOGS = YES;
				MTL_ENABLE_DEBUG_INFO = NO;
				MTL_FAST_MATH = YES;
				SDKROOT = iphoneos;
				SWIFT_COMPILATION_MODE = wholemodule;
				VALIDATE_PRODUCT = YES;
			};
			name = Release;
		};
		20B24D7E2B87E82D003BB793 /* Debug */ = {
			isa = XCBuildConfiguration;
			buildSettings = {
				ASSETCATALOG_COMPILER_APPICON_NAME = AppIcon;
				ASSETCATALOG_COMPILER_GLOBAL_ACCENT_COLOR_NAME = AccentColor;
				CODE_SIGN_STYLE = Automatic;
				CURRENT_PROJECT_VERSION = 1;
				GENERATE_INFOPLIST_FILE = YES;
				INFOPLIST_FILE = "Car Pooling/Info.plist";
				INFOPLIST_KEY_UIApplicationSupportsIndirectInputEvents = YES;
				INFOPLIST_KEY_UILaunchStoryboardName = LaunchScreen;
				INFOPLIST_KEY_UIMainStoryboardFile = Main;
				INFOPLIST_KEY_UISupportedInterfaceOrientations_iPad = "UIInterfaceOrientationPortrait UIInterfaceOrientationPortraitUpsideDown UIInterfaceOrientationLandscapeLeft UIInterfaceOrientationLandscapeRight";
				INFOPLIST_KEY_UISupportedInterfaceOrientations_iPhone = "UIInterfaceOrientationPortrait UIInterfaceOrientationLandscapeLeft UIInterfaceOrientationLandscapeRight";
				LD_RUNPATH_SEARCH_PATHS = (
					"$(inherited)",
					"@executable_path/Frameworks",
				);
				MARKETING_VERSION = 1.0;
				PRODUCT_BUNDLE_IDENTIFIER = "edu.nwmissouri.spring24.cs44643.sec04.Car-Pooling";
				PRODUCT_NAME = "$(TARGET_NAME)";
				SWIFT_EMIT_LOC_STRINGS = YES;
				SWIFT_VERSION = 5.0;
				TARGETED_DEVICE_FAMILY = "1,2";
			};
			name = Debug;
		};
		20B24D7F2B87E82D003BB793 /* Release */ = {
			isa = XCBuildConfiguration;
			buildSettings = {
				ASSETCATALOG_COMPILER_APPICON_NAME = AppIcon;
				ASSETCATALOG_COMPILER_GLOBAL_ACCENT_COLOR_NAME = AccentColor;
				CODE_SIGN_STYLE = Automatic;
				CURRENT_PROJECT_VERSION = 1;
				GENERATE_INFOPLIST_FILE = YES;
				INFOPLIST_FILE = "Car Pooling/Info.plist";
				INFOPLIST_KEY_UIApplicationSupportsIndirectInputEvents = YES;
				INFOPLIST_KEY_UILaunchStoryboardName = LaunchScreen;
				INFOPLIST_KEY_UIMainStoryboardFile = Main;
				INFOPLIST_KEY_UISupportedInterfaceOrientations_iPad = "UIInterfaceOrientationPortrait UIInterfaceOrientationPortraitUpsideDown UIInterfaceOrientationLandscapeLeft UIInterfaceOrientationLandscapeRight";
				INFOPLIST_KEY_UISupportedInterfaceOrientations_iPhone = "UIInterfaceOrientationPortrait UIInterfaceOrientationLandscapeLeft UIInterfaceOrientationLandscapeRight";
				LD_RUNPATH_SEARCH_PATHS = (
					"$(inherited)",
					"@executable_path/Frameworks",
				);
				MARKETING_VERSION = 1.0;
				PRODUCT_BUNDLE_IDENTIFIER = "edu.nwmissouri.spring24.cs44643.sec04.Car-Pooling";
				PRODUCT_NAME = "$(TARGET_NAME)";
				SWIFT_EMIT_LOC_STRINGS = YES;
				SWIFT_VERSION = 5.0;
				TARGETED_DEVICE_FAMILY = "1,2";
			};
			name = Release;
		};
		20B24D812B87E82D003BB793 /* Debug */ = {
			isa = XCBuildConfiguration;
			buildSettings = {
				ALWAYS_EMBED_SWIFT_STANDARD_LIBRARIES = YES;
				BUNDLE_LOADER = "$(TEST_HOST)";
				CODE_SIGN_STYLE = Automatic;
				CURRENT_PROJECT_VERSION = 1;
				GENERATE_INFOPLIST_FILE = YES;
				IPHONEOS_DEPLOYMENT_TARGET = 17.2;
				MARKETING_VERSION = 1.0;
				PRODUCT_BUNDLE_IDENTIFIER = "edu.nwmissouri.spring24.cs44643.sec04.Car-PoolingTests";
				PRODUCT_NAME = "$(TARGET_NAME)";
				SWIFT_EMIT_LOC_STRINGS = NO;
				SWIFT_VERSION = 5.0;
				TARGETED_DEVICE_FAMILY = "1,2";
				TEST_HOST = "$(BUILT_PRODUCTS_DIR)/Car Pooling.app/$(BUNDLE_EXECUTABLE_FOLDER_PATH)/Car Pooling";
			};
			name = Debug;
		};
		20B24D822B87E82D003BB793 /* Release */ = {
			isa = XCBuildConfiguration;
			buildSettings = {
				ALWAYS_EMBED_SWIFT_STANDARD_LIBRARIES = YES;
				BUNDLE_LOADER = "$(TEST_HOST)";
				CODE_SIGN_STYLE = Automatic;
				CURRENT_PROJECT_VERSION = 1;
				GENERATE_INFOPLIST_FILE = YES;
				IPHONEOS_DEPLOYMENT_TARGET = 17.2;
				MARKETING_VERSION = 1.0;
				PRODUCT_BUNDLE_IDENTIFIER = "edu.nwmissouri.spring24.cs44643.sec04.Car-PoolingTests";
				PRODUCT_NAME = "$(TARGET_NAME)";
				SWIFT_EMIT_LOC_STRINGS = NO;
				SWIFT_VERSION = 5.0;
				TARGETED_DEVICE_FAMILY = "1,2";
				TEST_HOST = "$(BUILT_PRODUCTS_DIR)/Car Pooling.app/$(BUNDLE_EXECUTABLE_FOLDER_PATH)/Car Pooling";
			};
			name = Release;
		};
		20B24D842B87E82D003BB793 /* Debug */ = {
			isa = XCBuildConfiguration;
			buildSettings = {
				ALWAYS_EMBED_SWIFT_STANDARD_LIBRARIES = YES;
				CODE_SIGN_STYLE = Automatic;
				CURRENT_PROJECT_VERSION = 1;
				GENERATE_INFOPLIST_FILE = YES;
				MARKETING_VERSION = 1.0;
				PRODUCT_BUNDLE_IDENTIFIER = "edu.nwmissouri.spring24.cs44643.sec04.Car-PoolingUITests";
				PRODUCT_NAME = "$(TARGET_NAME)";
				SWIFT_EMIT_LOC_STRINGS = NO;
				SWIFT_VERSION = 5.0;
				TARGETED_DEVICE_FAMILY = "1,2";
				TEST_TARGET_NAME = "Car Pooling";
			};
			name = Debug;
		};
		20B24D852B87E82D003BB793 /* Release */ = {
			isa = XCBuildConfiguration;
			buildSettings = {
				ALWAYS_EMBED_SWIFT_STANDARD_LIBRARIES = YES;
				CODE_SIGN_STYLE = Automatic;
				CURRENT_PROJECT_VERSION = 1;
				GENERATE_INFOPLIST_FILE = YES;
				MARKETING_VERSION = 1.0;
				PRODUCT_BUNDLE_IDENTIFIER = "edu.nwmissouri.spring24.cs44643.sec04.Car-PoolingUITests";
				PRODUCT_NAME = "$(TARGET_NAME)";
				SWIFT_EMIT_LOC_STRINGS = NO;
				SWIFT_VERSION = 5.0;
				TARGETED_DEVICE_FAMILY = "1,2";
				TEST_TARGET_NAME = "Car Pooling";
			};
			name = Release;
		};
/* End XCBuildConfiguration section */

/* Begin XCConfigurationList section */
		20B24D4E2B87E82C003BB793 /* Build configuration list for PBXProject "Car Pooling" */ = {
			isa = XCConfigurationList;
			buildConfigurations = (
				20B24D7B2B87E82D003BB793 /* Debug */,
				20B24D7C2B87E82D003BB793 /* Release */,
			);
			defaultConfigurationIsVisible = 0;
			defaultConfigurationName = Release;
		};
		20B24D7D2B87E82D003BB793 /* Build configuration list for PBXNativeTarget "Car Pooling" */ = {
			isa = XCConfigurationList;
			buildConfigurations = (
				20B24D7E2B87E82D003BB793 /* Debug */,
				20B24D7F2B87E82D003BB793 /* Release */,
			);
			defaultConfigurationIsVisible = 0;
			defaultConfigurationName = Release;
		};
		20B24D802B87E82D003BB793 /* Build configuration list for PBXNativeTarget "Car PoolingTests" */ = {
			isa = XCConfigurationList;
			buildConfigurations = (
				20B24D812B87E82D003BB793 /* Debug */,
				20B24D822B87E82D003BB793 /* Release */,
			);
			defaultConfigurationIsVisible = 0;
			defaultConfigurationName = Release;
		};
		20B24D832B87E82D003BB793 /* Build configuration list for PBXNativeTarget "Car PoolingUITests" */ = {
			isa = XCConfigurationList;
			buildConfigurations = (
				20B24D842B87E82D003BB793 /* Debug */,
				20B24D852B87E82D003BB793 /* Release */,
			);
			defaultConfigurationIsVisible = 0;
			defaultConfigurationName = Release;
		};
/* End XCConfigurationList section */

/* Begin XCRemoteSwiftPackageReference section */
		D3A180732BC906D900CDAD4E /* XCRemoteSwiftPackageReference "lottie-ios" */ = {
			isa = XCRemoteSwiftPackageReference;
			repositoryURL = "https://github.com/airbnb/lottie-ios.git";
			requirement = {
				kind = upToNextMajorVersion;
				minimumVersion = 4.4.2;
			};
		};
/* End XCRemoteSwiftPackageReference section */
	};
	rootObject = 20B24D4B2B87E82C003BB793 /* Project object */;
}
